
Microsoft Visual Studio Solution File, Format Version 12.00
# Visual Studio 15
VisualStudioVersion = 15.0.28307.438
MinimumVisualStudioVersion = 10.0.40219.1
Project("{FAE04EC0-301F-11D3-BF4B-00C04F79EFBC}") = "MISA.CUKCUK.Customer", "MISA.CUKCUK.Customer\MISA.CUKCUK.Customer.csproj", "{A8EFCC8E-A378-4CA0-86F5-472158A9C3BB}"
EndProject
Global
	GlobalSection(SolutionConfigurationPlatforms) = preSolution
		Debug|Any CPU = Debug|Any CPU
		Release|Any CPU = Release|Any CPU
	EndGlobalSection
	GlobalSection(ProjectConfigurationPlatforms) = postSolution
		{A8EFCC8E-A378-4CA0-86F5-472158A9C3BB}.Debug|Any CPU.ActiveCfg = Debug|Any CPU
		{A8EFCC8E-A378-4CA0-86F5-472158A9C3BB}.Debug|Any CPU.Build.0 = Debug|Any CPU
		{A8EFCC8E-A378-4CA0-86F5-472158A9C3BB}.Release|Any CPU.ActiveCfg = Release|Any CPU
		{A8EFCC8E-A378-4CA0-86F5-472158A9C3BB}.Release|Any CPU.Build.0 = Release|Any CPU
	EndGlobalSection
	GlobalSection(SolutionProperties) = preSolution
		HideSolutionNode = FALSE
	EndGlobalSection
	GlobalSection(ExtensibilityGlobals) = postSolution
		SolutionGuid = {4A9565CD-33CB-4765-B9B6-F424D1F540E9}
	EndGlobalSection
EndGlobal
